<?xml version="1.0" encoding="utf-8"?>
<Project ToolsVersion="4.0" xmlns="http://schemas.microsoft.com/developer/msbuild/2003">
  <ItemGroup>
    <ClCompile Include="main.cpp" />
    <ClCompile Include="lab10.cpp">
      <Filter>Source Files</Filter>
    </ClCompile>
    <ClCompile Include="Controller.cpp">
      <Filter>Source Files</Filter>
    </ClCompile>
    <ClCompile Include="CSVPlaylist.cpp">
      <Filter>Source Files</Filter>
    </ClCompile>
    <ClCompile Include="DynamicVector.cpp">
      <Filter>Source Files</Filter>
    </ClCompile>
    <ClCompile Include="FakePlaylist.cpp">
      <Filter>Source Files</Filter>
    </ClCompile>
    <ClCompile Include="FakeRepository.cpp">
      <Filter>Source Files</Filter>
    </ClCompile>
    <ClCompile Include="FakeValidators.cpp">
      <Filter>Source Files</Filter>
    </ClCompile>
    <ClCompile Include="FilePlaylist.cpp">
      <Filter>Source Files</Filter>
    </ClCompile>
    <ClCompile Include="FileRepository.cpp">
      <Filter>Source Files</Filter>
    </ClCompile>
    <ClCompile Include="HTMLPlaylist.cpp">
      <Filter>Source Files</Filter>
    </ClCompile>
    <ClCompile Include="Playlist.cpp">
      <Filter>Source Files</Filter>
    </ClCompile>
    <ClCompile Include="Repository.cpp">
      <Filter>Source Files</Filter>
    </ClCompile>
    <ClCompile Include="Tape.cpp">
      <Filter>Source Files</Filter>
    </ClCompile>
    <ClCompile Include="Validator.cpp">
      <Filter>Source Files</Filter>
    </ClCompile>
    <ClCompile Include="Utils.cpp">
      <Filter>Source Files</Filter>
    </ClCompile>
    <ClCompile Include="UndoOperation.cpp">
      <Filter>Source Files</Filter>
    </ClCompile>
    <ClCompile Include="UndoUpdate.cpp">
      <Filter>Source Files</Filter>
    </ClCompile>
    <ClCompile Include="UndoAdd.cpp">
      <Filter>Source Files</Filter>
    </ClCompile>
    <ClCompile Include="UndoDelete.cpp">
      <Filter>Source Files</Filter>
    </ClCompile>
    <ClCompile Include="RedoOperation.cpp">
      <Filter>Source Files</Filter>
    </ClCompile>
    <ClCompile Include="RedoAdd.cpp">
      <Filter>Source Files</Filter>
    </ClCompile>
    <ClCompile Include="RedoDelete.cpp">
      <Filter>Source Files</Filter>
    </ClCompile>
    <ClCompile Include="RedoUpdate.cpp">
      <Filter>Source Files</Filter>
    </ClCompile>
  </ItemGroup>
  <ItemGroup>
    <Filter Include="Resource Files">
      <UniqueIdentifier>{D9D6E242-F8AF-46E4-B9FD-80ECBC20BA3E}</UniqueIdentifier>
      <Extensions>qrc;*</Extensions>
      <ParseFiles>false</ParseFiles>
    </Filter>
    <Filter Include="Source Files">
      <UniqueIdentifier>{4FC737F1-C7A5-4376-A066-2A32D752A2FF}</UniqueIdentifier>
      <Extensions>cpp;c;cc;cxx;def;odl;idl;hpj;bat;asm;asmx</Extensions>
      <ParseFiles>true</ParseFiles>
    </Filter>
    <Filter Include="Header Files">
      <UniqueIdentifier>{93995380-89BD-4b04-88EB-625FBE52EBFB}</UniqueIdentifier>
      <Extensions>h;hh;hpp;hxx;hm;inl;inc;xsd</Extensions>
      <ParseFiles>true</ParseFiles>
    </Filter>
    <Filter Include="Form Files">
      <UniqueIdentifier>{99349809-55BA-4b9d-BF79-8FDBB0286EB3}</UniqueIdentifier>
      <Extensions>ui</Extensions>
      <ParseFiles>true</ParseFiles>
    </Filter>
  </ItemGroup>
  <ItemGroup>
    <QtMoc Include="lab10.h">
      <Filter>Header Files</Filter>
    </QtMoc>
  </ItemGroup>
  <ItemGroup>
    <QtUic Include="lab10.ui">
      <Filter>Form Files</Filter>
    </QtUic>
  </ItemGroup>
  <ItemGroup>
    <QtRcc Include="lab10.qrc">
      <Filter>Resource Files</Filter>
    </QtRcc>
  </ItemGroup>
  <ItemGroup>
    <ClInclude Include="Controller.h">
      <Filter>Header Files</Filter>
    </ClInclude>
    <ClInclude Include="CSVPlaylist.h">
      <Filter>Header Files</Filter>
    </ClInclude>
    <ClInclude Include="DynamicVector.h">
      <Filter>Header Files</Filter>
    </ClInclude>
    <ClInclude Include="Exceptions.h">
      <Filter>Header Files</Filter>
    </ClInclude>
    <ClInclude Include="FakePlaylist.h">
      <Filter>Header Files</Filter>
    </ClInclude>
    <ClInclude Include="FakeRepository.h">
      <Filter>Header Files</Filter>
    </ClInclude>
    <ClInclude Include="FakeValidators.h">
      <Filter>Header Files</Filter>
    </ClInclude>
    <ClInclude Include="FilePlaylist.h">
      <Filter>Header Files</Filter>
    </ClInclude>
    <ClInclude Include="FileRepository.h">
      <Filter>Header Files</Filter>
    </ClInclude>
    <ClInclude Include="HTMLPlaylist.h">
      <Filter>Header Files</Filter>
    </ClInclude>
    <ClInclude Include="Playlist.h">
      <Filter>Header Files</Filter>
    </ClInclude>
    <ClInclude Include="Repository.h">
      <Filter>Header Files</Filter>
    </ClInclude>
    <ClInclude Include="Tape.h">
      <Filter>Header Files</Filter>
    </ClInclude>
    <ClInclude Include="Validator.h">
      <Filter>Header Files</Filter>
    </ClInclude>
    <ClInclude Include="UndoOperation.h">
      <Filter>Header Files</Filter>
    </ClInclude>
    <ClInclude Include="UndoUpdate.h">
      <Filter>Header Files</Filter>
    </ClInclude>
    <ClInclude Include="UndoAdd.h">
      <Filter>Header Files</Filter>
    </ClInclude>
    <ClInclude Include="UndoDelete.h">
      <Filter>Header Files</Filter>
    </ClInclude>
    <ClInclude Include="RedoOperation.h">
      <Filter>Header Files</Filter>
    </ClInclude>
    <ClInclude Include="RedoAdd.h">
      <Filter>Header Files</Filter>
    </ClInclude>
    <ClInclude Include="RedoDelete.h">
      <Filter>Header Files</Filter>
    </ClInclude>
    <ClInclude Include="RedoUpdate.h">
      <Filter>Header Files</Filter>
    </ClInclude>
  </ItemGroup>
</Project>